
Microsoft Visual Studio Solution File, Format Version 12.00
# Visual Studio 15
VisualStudioVersion = 15.0.28307.779
MinimumVisualStudioVersion = 10.0.40219.1
Project("{FAE04EC0-301F-11D3-BF4B-00C04F79EFBC}") = "HealthSystem_Robert_MacNeil", "HealthSystem_Robert_MacNeil\HealthSystem_Robert_MacNeil.csproj", "{43FD7EDC-E388-4189-A8CA-46AE2BB3424B}"
EndProject
Global
	GlobalSection(SolutionConfigurationPlatforms) = preSolution
		Debug|Any CPU = Debug|Any CPU
		Release|Any CPU = Release|Any CPU
	EndGlobalSection
	GlobalSection(ProjectConfigurationPlatforms) = postSolution
		{43FD7EDC-E388-4189-A8CA-46AE2BB3424B}.Debug|Any CPU.ActiveCfg = Debug|Any CPU
		{43FD7EDC-E388-4189-A8CA-46AE2BB3424B}.Debug|Any CPU.Build.0 = Debug|Any CPU
		{43FD7EDC-E388-4189-A8CA-46AE2BB3424B}.Release|Any CPU.ActiveCfg = Release|Any CPU
		{43FD7EDC-E388-4189-A8CA-46AE2BB3424B}.Release|Any CPU.Build.0 = Release|Any CPU
	EndGlobalSection
	GlobalSection(SolutionProperties) = preSolution
		HideSolutionNode = FALSE
	EndGlobalSection
	GlobalSection(ExtensibilityGlobals) = postSolution
		SolutionGuid = {90B2FAA6-5C16-41F3-BCBE-BBC79F66768D}
	EndGlobalSection
EndGlobal
